{
  "requires": true,
  "lockfileVersion": 1,
  "dependencies": {
    "wechat-rematch": {
      "version": "0.0.1",
      "resolved": "https://registry.npmjs.org/wechat-rematch/-/wechat-rematch-0.0.1.tgz",
      "integrity": "sha512-khGqg8VtCfW1y+lZxxkRtJq1Oaag1zHmLxfZ4+cS+tel+NdC92t5chKaZGgWYb0yWl4cJMrSJYKa++6esPcNRw=="
    }
  }
}
